{
  "name": "@companyname/appname",
  "version": "1.0.0",
  "lockfileVersion": 1,
  "requires": true,
  "dependencies": {
    "adm-zip": {
      "version": "0.4.11",
      "resolved": "https://artifact.swissre.com/api/npm/npm/adm-zip/-/adm-zip-0.4.11.tgz",
      "integrity": "sha1-KqVMhMSwGp0PuJuxGYKlHxPj1io="
    }
  }
}
